# This file is generated by running "yarn install" inside your project.
# Manual changes might be lost - proceed with caution!

__metadata:
  version: 8
  cacheKey: 10c0

"@turf/area@npm:^7.1.0":
  version: 7.1.0
  resolution: "@turf/area@npm:7.1.0"
  dependencies:
    "@turf/helpers": "npm:^7.1.0"
    "@turf/meta": "npm:^7.1.0"
    "@types/geojson": "npm:^7946.0.10"
    tslib: "npm:^2.6.2"
  checksum: f7444e75e04be1de6045b22fc723fb254367748ed1a0aa4b2357baed2ef3098a63ef8976b394a9cc03c228ebdc7013982da71f5bd3be4a2a65ef5898c772a135
  languageName: node
  linkType: hard

"@turf/bbox-polygon@npm:^7.1.0":
  version: 7.1.0
  resolution: "@turf/bbox-polygon@npm:7.1.0"
  dependencies:
    "@turf/helpers": "npm:^7.1.0"
    "@types/geojson": "npm:^7946.0.10"
    tslib: "npm:^2.6.2"
  checksum: 8615161b4e922e92d2e3b8d7aaba291bc376f8f648417b83df7021d123b3d27dfa3fcb7dbe572bf581a8a856715051e160dd11f786ccce734d1e74941def51ca
  languageName: node
  linkType: hard

"@turf/bbox@npm:^7.1.0":
  version: 7.1.0
  resolution: "@turf/bbox@npm:7.1.0"
  dependencies:
    "@turf/helpers": "npm:^7.1.0"
    "@turf/meta": "npm:^7.1.0"
    "@types/geojson": "npm:^7946.0.10"
    tslib: "npm:^2.6.2"
  checksum: 901ed437ad1241b1c7cf76ee3f1dd998b32a59647074216d076a62080281693cc3f1d66d1dedd02fd5617ea57434ec059843bcc275d20f667019f3e1f378b05d
  languageName: node
  linkType: hard

"@turf/boolean-point-in-polygon@npm:^7.1.0":
  version: 7.1.0
  resolution: "@turf/boolean-point-in-polygon@npm:7.1.0"
  dependencies:
    "@turf/helpers": "npm:^7.1.0"
    "@turf/invariant": "npm:^7.1.0"
    "@types/geojson": "npm:^7946.0.10"
    point-in-polygon-hao: "npm:^1.1.0"
    tslib: "npm:^2.6.2"
  checksum: ad6f66bfe52e15b011ddd074731df4ed2bdbcc14d66a2624f64d8ac0981882e7c39cb10f8c975e4d8bd3e83acae3284ad0abf28db15500fb3865f28d6fe8a8bf
  languageName: node
  linkType: hard

"@turf/center-mean@npm:^7.1.0":
  version: 7.1.0
  resolution: "@turf/center-mean@npm:7.1.0"
  dependencies:
    "@turf/bbox": "npm:^7.1.0"
    "@turf/helpers": "npm:^7.1.0"
    "@turf/meta": "npm:^7.1.0"
    "@types/geojson": "npm:^7946.0.10"
    tslib: "npm:^2.6.2"
  checksum: 8ab7c16b96a661ee089a8792b968ee03d7a73d19391b889b3dd6f6c03ce5635fc5fa097fb6882a6a8ba68edaaf55f47211d54667f80f6ead1ceeb1e77eb14d88
  languageName: node
  linkType: hard

"@turf/center-median@npm:^7.1.0":
  version: 7.1.0
  resolution: "@turf/center-median@npm:7.1.0"
  dependencies:
    "@turf/center-mean": "npm:^7.1.0"
    "@turf/centroid": "npm:^7.1.0"
    "@turf/distance": "npm:^7.1.0"
    "@turf/helpers": "npm:^7.1.0"
    "@turf/meta": "npm:^7.1.0"
    "@types/geojson": "npm:^7946.0.10"
    tslib: "npm:^2.6.2"
  checksum: a873e6319fb472fdf9c935b2d770f76e8c22dfcc2b51d00d8338257b815b480cab6ce499ab15d42e77245c3268abe72de9feb296702c829983ea313f9814abd8
  languageName: node
  linkType: hard

"@turf/center-of-mass@npm:^7.1.0":
  version: 7.1.0
  resolution: "@turf/center-of-mass@npm:7.1.0"
  dependencies:
    "@turf/centroid": "npm:^7.1.0"
    "@turf/convex": "npm:^7.1.0"
    "@turf/helpers": "npm:^7.1.0"
    "@turf/invariant": "npm:^7.1.0"
    "@turf/meta": "npm:^7.1.0"
    "@types/geojson": "npm:^7946.0.10"
    tslib: "npm:^2.6.2"
  checksum: 73d9793bfcfe98114d3e3c2d776099380629a40b6a0bdf753d5aae206de3c8f6b99e89e0d453d3dd5b7d8c4328d7580c531c0278e0460060723b10c6767cad6c
  languageName: node
  linkType: hard

"@turf/center@npm:^7.1.0":
  version: 7.1.0
  resolution: "@turf/center@npm:7.1.0"
  dependencies:
    "@turf/bbox": "npm:^7.1.0"
    "@turf/helpers": "npm:^7.1.0"
    "@types/geojson": "npm:^7946.0.10"
    tslib: "npm:^2.6.2"
  checksum: 8b797f9a09fe8e21a6debf59f5d57b09494ac0d4d6c02bfa16425c84afbc8c222880ebe9d760d05e09b26733da2d9271214c165d71be4133331092d36bfc0bf0
  languageName: node
  linkType: hard

"@turf/centroid@npm:^7.1.0":
  version: 7.1.0
  resolution: "@turf/centroid@npm:7.1.0"
  dependencies:
    "@turf/helpers": "npm:^7.1.0"
    "@turf/meta": "npm:^7.1.0"
    "@types/geojson": "npm:^7946.0.10"
    tslib: "npm:^2.6.2"
  checksum: 23b29a1d0d668220e975ab2fb8f0594ebd26c89a6399eef539d6d84b091611e8a09380f070957969a51a54f400b2303c23bf6a4a965909316a60f936d97fa0df
  languageName: node
  linkType: hard

"@turf/clone@npm:^7.1.0":
  version: 7.1.0
  resolution: "@turf/clone@npm:7.1.0"
  dependencies:
    "@turf/helpers": "npm:^7.1.0"
    "@types/geojson": "npm:^7946.0.10"
    tslib: "npm:^2.6.2"
  checksum: 18cc6fd7f285652e5ad38d432ebdf66fc7ed4b960ff732d35833a12662f1cda442a3ab27a9ac789e9fad8a82aafc917f89ef44a680d52385770af226c2ccdda3
  languageName: node
  linkType: hard

"@turf/convex@npm:^7.1.0":
  version: 7.1.0
  resolution: "@turf/convex@npm:7.1.0"
  dependencies:
    "@turf/helpers": "npm:^7.1.0"
    "@turf/meta": "npm:^7.1.0"
    "@types/geojson": "npm:^7946.0.10"
    concaveman: "npm:^1.2.1"
    tslib: "npm:^2.6.2"
  checksum: 8b41b0781c2ebc63f777761c42ec04377804548a673dc8e780de39e1308df3ab9e3353fa8a3ae35899c083e442c4cc44f2b61a63b3d037422bd455ddc48b1838
  languageName: node
  linkType: hard

"@turf/distance@npm:^7.1.0":
  version: 7.1.0
  resolution: "@turf/distance@npm:7.1.0"
  dependencies:
    "@turf/helpers": "npm:^7.1.0"
    "@turf/invariant": "npm:^7.1.0"
    "@types/geojson": "npm:^7946.0.10"
    tslib: "npm:^2.6.2"
  checksum: 3eb2ad0eb8a3a754e732fc6cb85aaef7df35d13edc063248bb9313ae267c7d53bc0eef3a5ce536cf7283bf76c49523289889ae1651824e1030ea532dd49310ca
  languageName: node
  linkType: hard

"@turf/explode@npm:^7.1.0":
  version: 7.1.0
  resolution: "@turf/explode@npm:7.1.0"
  dependencies:
    "@turf/helpers": "npm:^7.1.0"
    "@turf/meta": "npm:^7.1.0"
    "@types/geojson": "npm:^7946.0.10"
    tslib: "npm:^2.6.2"
  checksum: ddaa4c87bea2f7e2f79ed7201864473cd287d5396be8d50932bafe919207375a95e23e3748aa05638fe3b39f3ac56f2bf5384b8ab3ab5853f63bc465102dc8be
  languageName: node
  linkType: hard

"@turf/helpers@npm:^7.1.0":
  version: 7.1.0
  resolution: "@turf/helpers@npm:7.1.0"
  dependencies:
    "@types/geojson": "npm:^7946.0.10"
    tslib: "npm:^2.6.2"
  checksum: 0b07c01584d8bee977edec8752109b4f79ab5b149e55a7dbe051e412e150c0a96f2464c9647676a092b7ab4429271eee4a31400ea45e9b55095ae53ad22f43d6
  languageName: node
  linkType: hard

"@turf/invariant@npm:^7.1.0":
  version: 7.1.0
  resolution: "@turf/invariant@npm:7.1.0"
  dependencies:
    "@turf/helpers": "npm:^7.1.0"
    "@types/geojson": "npm:^7946.0.10"
    tslib: "npm:^2.6.2"
  checksum: 63a163ee7babf539af64bd204808979ce45e0d0bf772b3f28cda9fa99ab9c54150ea90d3203ae25cdda1a78eb206faf89db5847dc58ebc0eae8df0dab55822b8
  languageName: node
  linkType: hard

"@turf/meta@npm:^7.1.0":
  version: 7.1.0
  resolution: "@turf/meta@npm:7.1.0"
  dependencies:
    "@turf/helpers": "npm:^7.1.0"
    "@types/geojson": "npm:^7946.0.10"
  checksum: c7aa77ddb28ef5068b031c1b422d2d5dc1df51975f727be42e2d8d500a026a2e667242d6aa06453f757cbd5ead2db0ba6b9a5d2fcf5ab496574cd4c0ae4fe325
  languageName: node
  linkType: hard

"@turf/nearest-point@npm:^7.1.0":
  version: 7.1.0
  resolution: "@turf/nearest-point@npm:7.1.0"
  dependencies:
    "@turf/clone": "npm:^7.1.0"
    "@turf/distance": "npm:^7.1.0"
    "@turf/helpers": "npm:^7.1.0"
    "@turf/meta": "npm:^7.1.0"
    "@types/geojson": "npm:^7946.0.10"
    tslib: "npm:^2.6.2"
  checksum: 6d823ae662d73aa6ae0b4bb05cf320052ebdcc4bc754a7206e67612a40a08f282076b1f9754a7ac5e2b4d427b3ff6c6808a9dce3968fad70d618664c6552a275
  languageName: node
  linkType: hard

"@turf/point-on-feature@npm:^7.1.0":
  version: 7.1.0
  resolution: "@turf/point-on-feature@npm:7.1.0"
  dependencies:
    "@turf/boolean-point-in-polygon": "npm:^7.1.0"
    "@turf/center": "npm:^7.1.0"
    "@turf/explode": "npm:^7.1.0"
    "@turf/helpers": "npm:^7.1.0"
    "@turf/nearest-point": "npm:^7.1.0"
    "@types/geojson": "npm:^7946.0.10"
    tslib: "npm:^2.6.2"
  checksum: f24cbce0e6e518643a164bc48bec18482e55f6b3dc2b1c76bd954e957dfb932ad6ef45f40443e52b4df8f0ffbf65cd3f6ec343176f2567c5135b45525789dd2c
  languageName: node
  linkType: hard

"@types/geojson@npm:^7946.0.10":
  version: 7946.0.14
  resolution: "@types/geojson@npm:7946.0.14"
  checksum: 54f3997708fa2970c03eeb31f7e4540a0eb6387b15e9f8a60513a1409c23cafec8d618525404573468b59c6fecbfd053724b3327f7fca416729c26271d799f55
  languageName: node
  linkType: hard

"JSONStream@npm:^1.0.0":
  version: 1.3.5
  resolution: "JSONStream@npm:1.3.5"
  dependencies:
    jsonparse: "npm:^1.2.0"
    through: "npm:>=2.2.7 <3"
  bin:
    JSONStream: ./bin.js
  checksum: 0f54694da32224d57b715385d4a6b668d2117379d1f3223dc758459246cca58fdc4c628b83e8a8883334e454a0a30aa198ede77c788b55537c1844f686a751f2
  languageName: node
  linkType: hard

"ansi-regex@npm:^5.0.1":
  version: 5.0.1
  resolution: "ansi-regex@npm:5.0.1"
  checksum: 9a64bb8627b434ba9327b60c027742e5d17ac69277960d041898596271d992d4d52ba7267a63ca10232e29f6107fc8a835f6ce8d719b88c5f8493f8254813737
  languageName: node
  linkType: hard

"ansi-styles@npm:^4.0.0":
  version: 4.3.0
  resolution: "ansi-styles@npm:4.3.0"
  dependencies:
    color-convert: "npm:^2.0.1"
  checksum: 895a23929da416f2bd3de7e9cb4eabd340949328ab85ddd6e484a637d8f6820d485f53933446f5291c3b760cbc488beb8e88573dd0f9c7daf83dccc8fe81b041
  languageName: node
  linkType: hard

"cliui@npm:^8.0.1":
  version: 8.0.1
  resolution: "cliui@npm:8.0.1"
  dependencies:
    string-width: "npm:^4.2.0"
    strip-ansi: "npm:^6.0.1"
    wrap-ansi: "npm:^7.0.0"
  checksum: 4bda0f09c340cbb6dfdc1ed508b3ca080f12992c18d68c6be4d9cf51756033d5266e61ec57529e610dacbf4da1c634423b0c1b11037709cc6b09045cbd815df5
  languageName: node
  linkType: hard

"color-convert@npm:^2.0.1":
  version: 2.0.1
  resolution: "color-convert@npm:2.0.1"
  dependencies:
    color-name: "npm:~1.1.4"
  checksum: 37e1150172f2e311fe1b2df62c6293a342ee7380da7b9cfdba67ea539909afbd74da27033208d01d6d5cfc65ee7868a22e18d7e7648e004425441c0f8a15a7d7
  languageName: node
  linkType: hard

"color-name@npm:~1.1.4":
  version: 1.1.4
  resolution: "color-name@npm:1.1.4"
  checksum: a1a3f914156960902f46f7f56bc62effc6c94e84b2cae157a526b1c1f74b677a47ec602bf68a61abfa2b42d15b7c5651c6dbe72a43af720bc588dff885b10f95
  languageName: node
  linkType: hard

"concaveman@npm:^1.2.1":
  version: 1.2.1
  resolution: "concaveman@npm:1.2.1"
  dependencies:
    point-in-polygon: "npm:^1.1.0"
    rbush: "npm:^3.0.1"
    robust-predicates: "npm:^2.0.4"
    tinyqueue: "npm:^2.0.3"
  checksum: 7c4cc79c9a77afadf99161fc586be4b05a82bc1fe7239a3893818fb390dfcce0d5cb0876e5f3dfe721e12a1f64d8bc1c768446e281f4b5b44d70e2ca94bf29e6
  languageName: node
  linkType: hard

"duplexer@npm:~0.1.1":
  version: 0.1.1
  resolution: "duplexer@npm:0.1.1"
  checksum: bdc5dbb577955e8b3f367a7da869010420b2f1d20283d8675ca94897b50a52e5fbf2d6bb8fdf7f11008e45eff0161f22ffed5cd4d5a99cbce54fe969e3f49df6
  languageName: node
  linkType: hard

"emoji-regex@npm:^8.0.0":
  version: 8.0.0
  resolution: "emoji-regex@npm:8.0.0"
  checksum: b6053ad39951c4cf338f9092d7bfba448cdfd46fe6a2a034700b149ac9ffbc137e361cbd3c442297f86bed2e5f7576c1b54cc0a6bf8ef5106cc62f496af35010
  languageName: node
  linkType: hard

"escalade@npm:^3.1.1":
  version: 3.1.2
  resolution: "escalade@npm:3.1.2"
  checksum: 6b4adafecd0682f3aa1cd1106b8fff30e492c7015b178bc81b2d2f75106dabea6c6d6e8508fc491bd58e597c74abb0e8e2368f943ecb9393d4162e3c2f3cf287
  languageName: node
  linkType: hard

"geojson-flatten@npm:^1.1.1":
  version: 1.1.1
  resolution: "geojson-flatten@npm:1.1.1"
  checksum: 7d8eb78f34fad41894c140cb13e32941c56923a07812805e7d12c8dd56f58d64c5689fbf9646bbaa828b461cc1c0718b15816248066902ce7d49d501a5305edd
  languageName: node
  linkType: hard

"geojson-polygon-labels@workspace:.":
  version: 0.0.0-use.local
  resolution: "geojson-polygon-labels@workspace:."
  dependencies:
    "@turf/area": "npm:^7.1.0"
    "@turf/bbox": "npm:^7.1.0"
    "@turf/bbox-polygon": "npm:^7.1.0"
    "@turf/center": "npm:^7.1.0"
    "@turf/center-mean": "npm:^7.1.0"
    "@turf/center-median": "npm:^7.1.0"
    "@turf/center-of-mass": "npm:^7.1.0"
    "@turf/centroid": "npm:^7.1.0"
    "@turf/convex": "npm:^7.1.0"
    "@turf/explode": "npm:^7.1.0"
    "@turf/helpers": "npm:^7.1.0"
    "@turf/meta": "npm:^7.1.0"
    "@turf/point-on-feature": "npm:^7.1.0"
    geojson-flatten: "npm:^1.1.1"
    geojson-stream: "npm:^0.1.0"
    ndjson: "npm:^2.0.0"
    polylabel: "npm:^2.0.1"
    stream-combiner: "npm:^0.2.2"
    through: "npm:^2.3.8"
    yargs: "npm:^17.7.2"
  bin:
    geojson-polygon-labels: bin/geojson-polygon-labels
  languageName: unknown
  linkType: soft

"geojson-stream@npm:^0.1.0":
  version: 0.1.0
  resolution: "geojson-stream@npm:0.1.0"
  dependencies:
    JSONStream: "npm:^1.0.0"
    through: "npm:^2.3.4"
  checksum: f5367dc17c13e80e5ce48a06aaf1e34f3aaadb0d375e68c10ad82bd66d6edf127482607d36c9ce515b538ce0d8fb9bc3b414d537a783505828f713f7a41de5c3
  languageName: node
  linkType: hard

"get-caller-file@npm:^2.0.5":
  version: 2.0.5
  resolution: "get-caller-file@npm:2.0.5"
  checksum: c6c7b60271931fa752aeb92f2b47e355eac1af3a2673f47c9589e8f8a41adc74d45551c1bc57b5e66a80609f10ffb72b6f575e4370d61cc3f7f3aaff01757cde
  languageName: node
  linkType: hard

"inherits@npm:^2.0.3":
  version: 2.0.3
  resolution: "inherits@npm:2.0.3"
  checksum: 6e56402373149ea076a434072671f9982f5fad030c7662be0332122fe6c0fa490acb3cc1010d90b6eff8d640b1167d77674add52dfd1bb85d545cf29e80e73e7
  languageName: node
  linkType: hard

"is-fullwidth-code-point@npm:^3.0.0":
  version: 3.0.0
  resolution: "is-fullwidth-code-point@npm:3.0.0"
  checksum: bb11d825e049f38e04c06373a8d72782eee0205bda9d908cc550ccb3c59b99d750ff9537982e01733c1c94a58e35400661f57042158ff5e8f3e90cf936daf0fc
  languageName: node
  linkType: hard

"json-stringify-safe@npm:^5.0.1":
  version: 5.0.1
  resolution: "json-stringify-safe@npm:5.0.1"
  checksum: 7dbf35cd0411d1d648dceb6d59ce5857ec939e52e4afc37601aa3da611f0987d5cee5b38d58329ceddf3ed48bd7215229c8d52059ab01f2444a338bf24ed0f37
  languageName: node
  linkType: hard

"jsonparse@npm:^1.2.0":
  version: 1.3.1
  resolution: "jsonparse@npm:1.3.1"
  checksum: 89bc68080cd0a0e276d4b5ab1b79cacd68f562467008d176dc23e16e97d4efec9e21741d92ba5087a8433526a45a7e6a9d5ef25408696c402ca1cfbc01a90bf0
  languageName: node
  linkType: hard

"minimist@npm:^1.2.5":
  version: 1.2.8
  resolution: "minimist@npm:1.2.8"
  checksum: 19d3fcdca050087b84c2029841a093691a91259a47def2f18222f41e7645a0b7c44ef4b40e88a1e58a40c84d2ef0ee6047c55594d298146d0eb3f6b737c20ce6
  languageName: node
  linkType: hard

"ndjson@npm:^2.0.0":
  version: 2.0.0
  resolution: "ndjson@npm:2.0.0"
  dependencies:
    json-stringify-safe: "npm:^5.0.1"
    minimist: "npm:^1.2.5"
    readable-stream: "npm:^3.6.0"
    split2: "npm:^3.0.0"
    through2: "npm:^4.0.0"
  bin:
    ndjson: cli.js
  checksum: b7f3de5e12e0466cfa3688a3ba6cedec0ab54bd821f1b16926c9ef7017983b131832430061d25dfcb635f65a254b535681eca213c6feb5d1958bee8d35a04cc9
  languageName: node
  linkType: hard

"point-in-polygon-hao@npm:^1.1.0":
  version: 1.1.0
  resolution: "point-in-polygon-hao@npm:1.1.0"
  checksum: 2f992143b7b7ba095e43e98d6df6c5ad2d381f03fe6ac54e0f84aa0032fccf3996906ba06b8541014c6d59ee4ecef934c9356b9e34b3dc450e6ee0f13fe1f39e
  languageName: node
  linkType: hard

"point-in-polygon@npm:^1.1.0":
  version: 1.1.0
  resolution: "point-in-polygon@npm:1.1.0"
  checksum: de00419585ee25555d97585b7a23eeb2464a87ef29404264bee55654ca2ecab5a5a99d33e689c07d045faf80091e838f44a1fd130bdd6134493df53114947343
  languageName: node
  linkType: hard

"polylabel@npm:^2.0.1":
  version: 2.0.1
  resolution: "polylabel@npm:2.0.1"
  dependencies:
    tinyqueue: "npm:^3.0.0"
  checksum: 410ed4fe3512999258f3055da2f17d83f57cfea1440802b19a9ac9860f7ba350a40b21e3020bbfc2b5409ca67d3883ed88bdc0d97ba6d1b3a3f232fd4ffa46f2
  languageName: node
  linkType: hard

"quickselect@npm:^2.0.0":
  version: 2.0.0
  resolution: "quickselect@npm:2.0.0"
  checksum: 6c8d591bc73beae4c1996b7b7138233a7dbbbdde29b7b6d822a02d08cd220fd27613f47d6e9635989b12e250d42ef9da3448de1ed12ad962974e207ab3c3562c
  languageName: node
  linkType: hard

"rbush@npm:^3.0.1":
  version: 3.0.1
  resolution: "rbush@npm:3.0.1"
  dependencies:
    quickselect: "npm:^2.0.0"
  checksum: 55311586c30cdedaa2220de6f1da45fe1fa806263afbf7b6f4c0078983830c2abc7771187896d68bfc9078cb279079fb4c84971831da4b74384aab2c2c417758
  languageName: node
  linkType: hard

"readable-stream@npm:3, readable-stream@npm:^3.0.0, readable-stream@npm:^3.6.0":
  version: 3.6.2
  resolution: "readable-stream@npm:3.6.2"
  dependencies:
    inherits: "npm:^2.0.3"
    string_decoder: "npm:^1.1.1"
    util-deprecate: "npm:^1.0.1"
  checksum: e37be5c79c376fdd088a45fa31ea2e423e5d48854be7a22a58869b4e84d25047b193f6acb54f1012331e1bcd667ffb569c01b99d36b0bd59658fb33f513511b7
  languageName: node
  linkType: hard

"require-directory@npm:^2.1.1":
  version: 2.1.1
  resolution: "require-directory@npm:2.1.1"
  checksum: 83aa76a7bc1531f68d92c75a2ca2f54f1b01463cb566cf3fbc787d0de8be30c9dbc211d1d46be3497dac5785fe296f2dd11d531945ac29730643357978966e99
  languageName: node
  linkType: hard

"robust-predicates@npm:^2.0.4":
  version: 2.0.4
  resolution: "robust-predicates@npm:2.0.4"
  checksum: 3c801ff1ea5ce842c1818da62e2be0cc427ab507dc7a21f3ff2e6278f1d32b5c2f2fc740f8e9c188b4e7a2946228c0173607534432314940e89eae15ded79b5f
  languageName: node
  linkType: hard

"safe-buffer@npm:~5.2.0":
  version: 5.2.1
  resolution: "safe-buffer@npm:5.2.1"
  checksum: 6501914237c0a86e9675d4e51d89ca3c21ffd6a31642efeba25ad65720bce6921c9e7e974e5be91a786b25aa058b5303285d3c15dbabf983a919f5f630d349f3
  languageName: node
  linkType: hard

"split2@npm:^3.0.0":
  version: 3.2.2
  resolution: "split2@npm:3.2.2"
  dependencies:
    readable-stream: "npm:^3.0.0"
  checksum: 2dad5603c52b353939befa3e2f108f6e3aff42b204ad0f5f16dd12fd7c2beab48d117184ce6f7c8854f9ee5ffec6faae70d243711dd7d143a9f635b4a285de4e
  languageName: node
  linkType: hard

"stream-combiner@npm:^0.2.2":
  version: 0.2.2
  resolution: "stream-combiner@npm:0.2.2"
  dependencies:
    duplexer: "npm:~0.1.1"
    through: "npm:~2.3.4"
  checksum: b5d2782fbfa9251c88e01af1b1f54bc183673a776989dce2842b345be7fc3ce7eb2eade363b3c198ba0e5153a20a96e0014d0d0e884153f885d7ee919f22b639
  languageName: node
  linkType: hard

"string-width@npm:^4.1.0, string-width@npm:^4.2.0, string-width@npm:^4.2.3":
  version: 4.2.3
  resolution: "string-width@npm:4.2.3"
  dependencies:
    emoji-regex: "npm:^8.0.0"
    is-fullwidth-code-point: "npm:^3.0.0"
    strip-ansi: "npm:^6.0.1"
  checksum: 1e525e92e5eae0afd7454086eed9c818ee84374bb80328fc41217ae72ff5f065ef1c9d7f72da41de40c75fa8bb3dee63d92373fd492c84260a552c636392a47b
  languageName: node
  linkType: hard

"string_decoder@npm:^1.1.1":
  version: 1.3.0
  resolution: "string_decoder@npm:1.3.0"
  dependencies:
    safe-buffer: "npm:~5.2.0"
  checksum: 810614ddb030e271cd591935dcd5956b2410dd079d64ff92a1844d6b7588bf992b3e1b69b0f4d34a3e06e0bd73046ac646b5264c1987b20d0601f81ef35d731d
  languageName: node
  linkType: hard

"strip-ansi@npm:^6.0.0, strip-ansi@npm:^6.0.1":
  version: 6.0.1
  resolution: "strip-ansi@npm:6.0.1"
  dependencies:
    ansi-regex: "npm:^5.0.1"
  checksum: 1ae5f212a126fe5b167707f716942490e3933085a5ff6c008ab97ab2f272c8025d3aa218b7bd6ab25729ca20cc81cddb252102f8751e13482a5199e873680952
  languageName: node
  linkType: hard

"through2@npm:^4.0.0":
  version: 4.0.2
  resolution: "through2@npm:4.0.2"
  dependencies:
    readable-stream: "npm:3"
  checksum: 3741564ae99990a4a79097fe7a4152c22348adc4faf2df9199a07a66c81ed2011da39f631e479fdc56483996a9d34a037ad64e76d79f18c782ab178ea9b6778c
  languageName: node
  linkType: hard

"through@npm:>=2.2.7 <3, through@npm:^2.3.4, through@npm:^2.3.8, through@npm:~2.3.4":
  version: 2.3.8
  resolution: "through@npm:2.3.8"
  checksum: 4b09f3774099de0d4df26d95c5821a62faee32c7e96fb1f4ebd54a2d7c11c57fe88b0a0d49cf375de5fee5ae6bf4eb56dbbf29d07366864e2ee805349970d3cc
  languageName: node
  linkType: hard

"tinyqueue@npm:^2.0.3":
  version: 2.0.3
  resolution: "tinyqueue@npm:2.0.3"
  checksum: d7b590088f015a94a17132fa209c2f2a80c45158259af5474901fdf5932e95ea13ff6f034bcc725a6d5f66d3e5b888b048c310229beb25ad5bebb4f0a635abf2
  languageName: node
  linkType: hard

"tinyqueue@npm:^3.0.0":
  version: 3.0.0
  resolution: "tinyqueue@npm:3.0.0"
  checksum: edd6f1a6146aa3aa7bc85b44b3aacf44cddfa805b0901019272d7e9235894b4f28b2f9d09c1bce500ae48883b03708b6b871aa33920e895d2943720f7a9ad3ba
  languageName: node
  linkType: hard

"tslib@npm:^2.6.2":
  version: 2.6.3
  resolution: "tslib@npm:2.6.3"
  checksum: 2598aef53d9dbe711af75522464b2104724d6467b26a60f2bdac8297d2b5f1f6b86a71f61717384aa8fd897240467aaa7bcc36a0700a0faf751293d1331db39a
  languageName: node
  linkType: hard

"util-deprecate@npm:^1.0.1":
  version: 1.0.2
  resolution: "util-deprecate@npm:1.0.2"
  checksum: 41a5bdd214df2f6c3ecf8622745e4a366c4adced864bc3c833739791aeeeb1838119af7daed4ba36428114b5c67dcda034a79c882e97e43c03e66a4dd7389942
  languageName: node
  linkType: hard

"wrap-ansi@npm:^7.0.0":
  version: 7.0.0
  resolution: "wrap-ansi@npm:7.0.0"
  dependencies:
    ansi-styles: "npm:^4.0.0"
    string-width: "npm:^4.1.0"
    strip-ansi: "npm:^6.0.0"
  checksum: d15fc12c11e4cbc4044a552129ebc75ee3f57aa9c1958373a4db0292d72282f54373b536103987a4a7594db1ef6a4f10acf92978f79b98c49306a4b58c77d4da
  languageName: node
  linkType: hard

"y18n@npm:^5.0.5":
  version: 5.0.8
  resolution: "y18n@npm:5.0.8"
  checksum: 4df2842c36e468590c3691c894bc9cdbac41f520566e76e24f59401ba7d8b4811eb1e34524d57e54bc6d864bcb66baab7ffd9ca42bf1eda596618f9162b91249
  languageName: node
  linkType: hard

"yargs-parser@npm:^21.1.1":
  version: 21.1.1
  resolution: "yargs-parser@npm:21.1.1"
  checksum: f84b5e48169479d2f402239c59f084cfd1c3acc197a05c59b98bab067452e6b3ea46d4dd8ba2985ba7b3d32a343d77df0debd6b343e5dae3da2aab2cdf5886b2
  languageName: node
  linkType: hard

"yargs@npm:^17.7.2":
  version: 17.7.2
  resolution: "yargs@npm:17.7.2"
  dependencies:
    cliui: "npm:^8.0.1"
    escalade: "npm:^3.1.1"
    get-caller-file: "npm:^2.0.5"
    require-directory: "npm:^2.1.1"
    string-width: "npm:^4.2.3"
    y18n: "npm:^5.0.5"
    yargs-parser: "npm:^21.1.1"
  checksum: ccd7e723e61ad5965fffbb791366db689572b80cca80e0f96aad968dfff4156cd7cd1ad18607afe1046d8241e6fb2d6c08bf7fa7bfb5eaec818735d8feac8f05
  languageName: node
  linkType: hard
