# This file is generated by running "yarn install" inside your project.
# Manual changes might be lost - proceed with caution!

__metadata:
  version: 8
  cacheKey: 10c0

"@turf/area@npm:^7.0.0":
  version: 7.0.0
  resolution: "@turf/area@npm:7.0.0"
  dependencies:
    "@turf/helpers": "npm:^7.0.0"
    "@turf/meta": "npm:^7.0.0"
    tslib: "npm:^2.6.2"
  checksum: 00eb589b2c4f2511b82c75ea87ca76f40952e006097c1ad8b0a37a8686ee51039da782fab7079a3d5582d28f4662a46583ed4253922a1d19a4160f938b94e801
  languageName: node
  linkType: hard

"@turf/bbox-polygon@npm:^7.0.0":
  version: 7.0.0
  resolution: "@turf/bbox-polygon@npm:7.0.0"
  dependencies:
    "@turf/helpers": "npm:^7.0.0"
    tslib: "npm:^2.6.2"
  checksum: 228b5e677e7941c5bc6037532fd09aa52cae8998f4dc40fce0cb6b84f4435e42e2841e0f85f8cd3cc6623a9b5c2b754646d039ad1fe45241e240098a7ef47699
  languageName: node
  linkType: hard

"@turf/bbox@npm:^7.0.0":
  version: 7.0.0
  resolution: "@turf/bbox@npm:7.0.0"
  dependencies:
    "@turf/helpers": "npm:^7.0.0"
    "@turf/meta": "npm:^7.0.0"
    tslib: "npm:^2.6.2"
  checksum: 4e6f43471db8dee93ec4ab892aa72b4d752bec3310b2f9da9602c190b47466bdd1da555b7298e041812d03af7dd0db76ea3e2b5b5e75291d86c26697d0a59b3e
  languageName: node
  linkType: hard

"@turf/boolean-point-in-polygon@npm:^7.0.0":
  version: 7.0.0
  resolution: "@turf/boolean-point-in-polygon@npm:7.0.0"
  dependencies:
    "@turf/helpers": "npm:^7.0.0"
    "@turf/invariant": "npm:^7.0.0"
    point-in-polygon-hao: "npm:^1.1.0"
    tslib: "npm:^2.6.2"
  checksum: 62fcb6168050ba00f78179759fba50eac6cc824fb67b5d0dac96d64faac94ff14d737812f86b524f7c0a8beafe7df4483340e6f43c33f905fcbb8442c30e05fe
  languageName: node
  linkType: hard

"@turf/center-mean@npm:^7.0.0":
  version: 7.0.0
  resolution: "@turf/center-mean@npm:7.0.0"
  dependencies:
    "@turf/bbox": "npm:^7.0.0"
    "@turf/helpers": "npm:^7.0.0"
    "@turf/meta": "npm:^7.0.0"
    tslib: "npm:^2.6.2"
  checksum: 381a839da4eca4419ce35ce048b2f962639a017cfa40b0899ae6cd8e4b2ed3d32f1eeda3635887757ddefb8db2d3c583cf6dd4524a64b53dc314afba19e5e69f
  languageName: node
  linkType: hard

"@turf/center-median@npm:^7.0.0":
  version: 7.0.0
  resolution: "@turf/center-median@npm:7.0.0"
  dependencies:
    "@turf/center-mean": "npm:^7.0.0"
    "@turf/centroid": "npm:^7.0.0"
    "@turf/distance": "npm:^7.0.0"
    "@turf/helpers": "npm:^7.0.0"
    "@turf/meta": "npm:^7.0.0"
    tslib: "npm:^2.6.2"
  checksum: 7cb8d76776051f47f09ee126b3142818864f19c9e9b4b0d2780271d76d6a17ce339c3ab70f31a066b148790117063c0cf1efdd11aa226a3f97d30b701b1335e2
  languageName: node
  linkType: hard

"@turf/center-of-mass@npm:^7.0.0":
  version: 7.0.0
  resolution: "@turf/center-of-mass@npm:7.0.0"
  dependencies:
    "@turf/centroid": "npm:^7.0.0"
    "@turf/convex": "npm:^7.0.0"
    "@turf/helpers": "npm:^7.0.0"
    "@turf/invariant": "npm:^7.0.0"
    "@turf/meta": "npm:^7.0.0"
    tslib: "npm:^2.6.2"
  checksum: d711d329d17a937ca60ecd7c925d396414495adf02ae270f413220382ec669b2028546babfbbc8738a6a981abef87fece182975cd8e8ec8cda416e0575b15d9f
  languageName: node
  linkType: hard

"@turf/center@npm:^7.0.0":
  version: 7.0.0
  resolution: "@turf/center@npm:7.0.0"
  dependencies:
    "@turf/bbox": "npm:^7.0.0"
    "@turf/helpers": "npm:^7.0.0"
    tslib: "npm:^2.6.2"
  checksum: 6346459392c57d7b494ed98fad56a24661caa3f1a6717d32ab25e7001da9294af0f371eae793b7eb515f6b152a61158e4b9b748a475c89986b1914c3f693efe2
  languageName: node
  linkType: hard

"@turf/centroid@npm:^7.0.0":
  version: 7.0.0
  resolution: "@turf/centroid@npm:7.0.0"
  dependencies:
    "@turf/helpers": "npm:^7.0.0"
    "@turf/meta": "npm:^7.0.0"
    tslib: "npm:^2.6.2"
  checksum: 26c389151c30a7c912b98b0b5d67f466b34bbe72f10d542a88c9bb8b712e26300cbfd55b77de40a2610856fb88180d5ff319d0483e2ed23396eb53d072f16af8
  languageName: node
  linkType: hard

"@turf/clone@npm:^7.0.0":
  version: 7.0.0
  resolution: "@turf/clone@npm:7.0.0"
  dependencies:
    "@turf/helpers": "npm:^7.0.0"
    tslib: "npm:^2.6.2"
  checksum: 4d59e18b3cafe04f73136b5a1610a16f7ad16ebff11b36708a9e48b0ad98af5776ba1fc1b7ac47537ac356a7e217852e97cefc9878b6ea42b977ddd476056bb7
  languageName: node
  linkType: hard

"@turf/convex@npm:^7.0.0":
  version: 7.0.0
  resolution: "@turf/convex@npm:7.0.0"
  dependencies:
    "@turf/helpers": "npm:^7.0.0"
    "@turf/meta": "npm:^7.0.0"
    concaveman: "npm:^1.2.1"
    tslib: "npm:^2.6.2"
  checksum: 241dd918ec22a49647a18c40fa04d092a8e0cb5a97376b6c27b60ff173a3341bbe3d7f0542ed83b8dc6c57bce591770982e8d796ef782cc7396c48b06384459c
  languageName: node
  linkType: hard

"@turf/distance@npm:^7.0.0":
  version: 7.0.0
  resolution: "@turf/distance@npm:7.0.0"
  dependencies:
    "@turf/helpers": "npm:^7.0.0"
    "@turf/invariant": "npm:^7.0.0"
    tslib: "npm:^2.6.2"
  checksum: f300473be2389ed86fcd00449f1dfb69b4fb30a2db98fd53fefa7198ee22cc7e1329b568acf11e5ba10fd509b5f27623af14aaa7ec31bef182d7c887cf5a2bde
  languageName: node
  linkType: hard

"@turf/explode@npm:^7.0.0":
  version: 7.0.0
  resolution: "@turf/explode@npm:7.0.0"
  dependencies:
    "@turf/helpers": "npm:^7.0.0"
    "@turf/meta": "npm:^7.0.0"
    tslib: "npm:^2.6.2"
  checksum: a5e63b82a15eb667a6e7fe3718b46358a329d6478786da0b50bfa7b5869e82d76a5608446c0eccc14deea5a46f33dd34dc400162427a02bbe5fc921efaee272a
  languageName: node
  linkType: hard

"@turf/helpers@npm:^7.0.0":
  version: 7.0.0
  resolution: "@turf/helpers@npm:7.0.0"
  dependencies:
    deep-equal: "npm:^2.2.3"
    tslib: "npm:^2.6.2"
  checksum: 33a12478c25551d8238aee6e86cb610485c95baceb725e84628c0726ffe78de809e238a4cfaf3cc8e74522e411ab84826c9090cbe7ec2b84dfc39b24cabc47da
  languageName: node
  linkType: hard

"@turf/invariant@npm:^7.0.0":
  version: 7.0.0
  resolution: "@turf/invariant@npm:7.0.0"
  dependencies:
    "@turf/helpers": "npm:^7.0.0"
    tslib: "npm:^2.6.2"
  checksum: 85f9649350b373284b80495889e79d738b53ef279e967b4e0a58a59cb81b24f430a8148629a1b7ce3132aadbf26fc909db40c7edeba53f80b93cdcdaddc79d43
  languageName: node
  linkType: hard

"@turf/meta@npm:^7.0.0":
  version: 7.0.0
  resolution: "@turf/meta@npm:7.0.0"
  dependencies:
    "@turf/helpers": "npm:^7.0.0"
  checksum: 0f62736eecfd9a3f2a42452a91ac95bcec3e9fc534191145a957e331828e289523772324a87e47b94244eb02ea6c345089d0c4822e41b9758cf3c9ad6a7622a3
  languageName: node
  linkType: hard

"@turf/nearest-point@npm:^7.0.0":
  version: 7.0.0
  resolution: "@turf/nearest-point@npm:7.0.0"
  dependencies:
    "@turf/clone": "npm:^7.0.0"
    "@turf/distance": "npm:^7.0.0"
    "@turf/helpers": "npm:^7.0.0"
    "@turf/meta": "npm:^7.0.0"
    tslib: "npm:^2.6.2"
  checksum: 6e0a8df03a3e91d1cb9f45a7c8fda979af14a659518848f274a0a95c7f2c2e885abbc16457e012c2239c9f682aaa59bf398f9cad5e8a18da5a24923f92b1ef4e
  languageName: node
  linkType: hard

"@turf/point-on-feature@npm:^7.0.0":
  version: 7.0.0
  resolution: "@turf/point-on-feature@npm:7.0.0"
  dependencies:
    "@turf/boolean-point-in-polygon": "npm:^7.0.0"
    "@turf/center": "npm:^7.0.0"
    "@turf/explode": "npm:^7.0.0"
    "@turf/helpers": "npm:^7.0.0"
    "@turf/nearest-point": "npm:^7.0.0"
    tslib: "npm:^2.6.2"
  checksum: 78798ace1c1663a00c82d68dd37ef2af1ee35ad3ddf8d1e8fec148117eb55329539de5ddea49b775177611b4094cd762d8bc35d222ff3da2bfca21e0ed9b2e1e
  languageName: node
  linkType: hard

"JSONStream@npm:^1.0.0":
  version: 1.3.5
  resolution: "JSONStream@npm:1.3.5"
  dependencies:
    jsonparse: "npm:^1.2.0"
    through: "npm:>=2.2.7 <3"
  bin:
    JSONStream: ./bin.js
  checksum: 0f54694da32224d57b715385d4a6b668d2117379d1f3223dc758459246cca58fdc4c628b83e8a8883334e454a0a30aa198ede77c788b55537c1844f686a751f2
  languageName: node
  linkType: hard

"ansi-regex@npm:^5.0.1":
  version: 5.0.1
  resolution: "ansi-regex@npm:5.0.1"
  checksum: 9a64bb8627b434ba9327b60c027742e5d17ac69277960d041898596271d992d4d52ba7267a63ca10232e29f6107fc8a835f6ce8d719b88c5f8493f8254813737
  languageName: node
  linkType: hard

"ansi-styles@npm:^4.0.0":
  version: 4.3.0
  resolution: "ansi-styles@npm:4.3.0"
  dependencies:
    color-convert: "npm:^2.0.1"
  checksum: 895a23929da416f2bd3de7e9cb4eabd340949328ab85ddd6e484a637d8f6820d485f53933446f5291c3b760cbc488beb8e88573dd0f9c7daf83dccc8fe81b041
  languageName: node
  linkType: hard

"array-buffer-byte-length@npm:^1.0.0":
  version: 1.0.1
  resolution: "array-buffer-byte-length@npm:1.0.1"
  dependencies:
    call-bind: "npm:^1.0.5"
    is-array-buffer: "npm:^3.0.4"
  checksum: f5cdf54527cd18a3d2852ddf73df79efec03829e7373a8322ef5df2b4ef546fb365c19c71d6b42d641cb6bfe0f1a2f19bc0ece5b533295f86d7c3d522f228917
  languageName: node
  linkType: hard

"available-typed-arrays@npm:^1.0.7":
  version: 1.0.7
  resolution: "available-typed-arrays@npm:1.0.7"
  dependencies:
    possible-typed-array-names: "npm:^1.0.0"
  checksum: d07226ef4f87daa01bd0fe80f8f310982e345f372926da2e5296aecc25c41cab440916bbaa4c5e1034b453af3392f67df5961124e4b586df1e99793a1374bdb2
  languageName: node
  linkType: hard

"call-bind@npm:^1.0.2, call-bind@npm:^1.0.5, call-bind@npm:^1.0.6, call-bind@npm:^1.0.7":
  version: 1.0.7
  resolution: "call-bind@npm:1.0.7"
  dependencies:
    es-define-property: "npm:^1.0.0"
    es-errors: "npm:^1.3.0"
    function-bind: "npm:^1.1.2"
    get-intrinsic: "npm:^1.2.4"
    set-function-length: "npm:^1.2.1"
  checksum: a3ded2e423b8e2a265983dba81c27e125b48eefb2655e7dfab6be597088da3d47c47976c24bc51b8fd9af1061f8f87b4ab78a314f3c77784b2ae2ba535ad8b8d
  languageName: node
  linkType: hard

"cliui@npm:^8.0.1":
  version: 8.0.1
  resolution: "cliui@npm:8.0.1"
  dependencies:
    string-width: "npm:^4.2.0"
    strip-ansi: "npm:^6.0.1"
    wrap-ansi: "npm:^7.0.0"
  checksum: 4bda0f09c340cbb6dfdc1ed508b3ca080f12992c18d68c6be4d9cf51756033d5266e61ec57529e610dacbf4da1c634423b0c1b11037709cc6b09045cbd815df5
  languageName: node
  linkType: hard

"color-convert@npm:^2.0.1":
  version: 2.0.1
  resolution: "color-convert@npm:2.0.1"
  dependencies:
    color-name: "npm:~1.1.4"
  checksum: 37e1150172f2e311fe1b2df62c6293a342ee7380da7b9cfdba67ea539909afbd74da27033208d01d6d5cfc65ee7868a22e18d7e7648e004425441c0f8a15a7d7
  languageName: node
  linkType: hard

"color-name@npm:~1.1.4":
  version: 1.1.4
  resolution: "color-name@npm:1.1.4"
  checksum: a1a3f914156960902f46f7f56bc62effc6c94e84b2cae157a526b1c1f74b677a47ec602bf68a61abfa2b42d15b7c5651c6dbe72a43af720bc588dff885b10f95
  languageName: node
  linkType: hard

"concaveman@npm:^1.2.1":
  version: 1.2.1
  resolution: "concaveman@npm:1.2.1"
  dependencies:
    point-in-polygon: "npm:^1.1.0"
    rbush: "npm:^3.0.1"
    robust-predicates: "npm:^2.0.4"
    tinyqueue: "npm:^2.0.3"
  checksum: 7c4cc79c9a77afadf99161fc586be4b05a82bc1fe7239a3893818fb390dfcce0d5cb0876e5f3dfe721e12a1f64d8bc1c768446e281f4b5b44d70e2ca94bf29e6
  languageName: node
  linkType: hard

"deep-equal@npm:^2.2.3":
  version: 2.2.3
  resolution: "deep-equal@npm:2.2.3"
  dependencies:
    array-buffer-byte-length: "npm:^1.0.0"
    call-bind: "npm:^1.0.5"
    es-get-iterator: "npm:^1.1.3"
    get-intrinsic: "npm:^1.2.2"
    is-arguments: "npm:^1.1.1"
    is-array-buffer: "npm:^3.0.2"
    is-date-object: "npm:^1.0.5"
    is-regex: "npm:^1.1.4"
    is-shared-array-buffer: "npm:^1.0.2"
    isarray: "npm:^2.0.5"
    object-is: "npm:^1.1.5"
    object-keys: "npm:^1.1.1"
    object.assign: "npm:^4.1.4"
    regexp.prototype.flags: "npm:^1.5.1"
    side-channel: "npm:^1.0.4"
    which-boxed-primitive: "npm:^1.0.2"
    which-collection: "npm:^1.0.1"
    which-typed-array: "npm:^1.1.13"
  checksum: a48244f90fa989f63ff5ef0cc6de1e4916b48ea0220a9c89a378561960814794a5800c600254482a2c8fd2e49d6c2e196131dc983976adb024c94a42dfe4949f
  languageName: node
  linkType: hard

"define-data-property@npm:^1.0.1, define-data-property@npm:^1.1.4":
  version: 1.1.4
  resolution: "define-data-property@npm:1.1.4"
  dependencies:
    es-define-property: "npm:^1.0.0"
    es-errors: "npm:^1.3.0"
    gopd: "npm:^1.0.1"
  checksum: dea0606d1483eb9db8d930d4eac62ca0fa16738b0b3e07046cddfacf7d8c868bbe13fa0cb263eb91c7d0d527960dc3f2f2471a69ed7816210307f6744fe62e37
  languageName: node
  linkType: hard

"define-properties@npm:^1.2.1":
  version: 1.2.1
  resolution: "define-properties@npm:1.2.1"
  dependencies:
    define-data-property: "npm:^1.0.1"
    has-property-descriptors: "npm:^1.0.0"
    object-keys: "npm:^1.1.1"
  checksum: 88a152319ffe1396ccc6ded510a3896e77efac7a1bfbaa174a7b00414a1747377e0bb525d303794a47cf30e805c2ec84e575758512c6e44a993076d29fd4e6c3
  languageName: node
  linkType: hard

"duplexer@npm:~0.1.1":
  version: 0.1.1
  resolution: "duplexer@npm:0.1.1"
  checksum: bdc5dbb577955e8b3f367a7da869010420b2f1d20283d8675ca94897b50a52e5fbf2d6bb8fdf7f11008e45eff0161f22ffed5cd4d5a99cbce54fe969e3f49df6
  languageName: node
  linkType: hard

"emoji-regex@npm:^8.0.0":
  version: 8.0.0
  resolution: "emoji-regex@npm:8.0.0"
  checksum: b6053ad39951c4cf338f9092d7bfba448cdfd46fe6a2a034700b149ac9ffbc137e361cbd3c442297f86bed2e5f7576c1b54cc0a6bf8ef5106cc62f496af35010
  languageName: node
  linkType: hard

"es-define-property@npm:^1.0.0":
  version: 1.0.0
  resolution: "es-define-property@npm:1.0.0"
  dependencies:
    get-intrinsic: "npm:^1.2.4"
  checksum: 6bf3191feb7ea2ebda48b577f69bdfac7a2b3c9bcf97307f55fd6ef1bbca0b49f0c219a935aca506c993d8c5d8bddd937766cb760cd5e5a1071351f2df9f9aa4
  languageName: node
  linkType: hard

"es-errors@npm:^1.3.0":
  version: 1.3.0
  resolution: "es-errors@npm:1.3.0"
  checksum: 0a61325670072f98d8ae3b914edab3559b6caa980f08054a3b872052640d91da01d38df55df797fcc916389d77fc92b8d5906cf028f4db46d7e3003abecbca85
  languageName: node
  linkType: hard

"es-get-iterator@npm:^1.1.3":
  version: 1.1.3
  resolution: "es-get-iterator@npm:1.1.3"
  dependencies:
    call-bind: "npm:^1.0.2"
    get-intrinsic: "npm:^1.1.3"
    has-symbols: "npm:^1.0.3"
    is-arguments: "npm:^1.1.1"
    is-map: "npm:^2.0.2"
    is-set: "npm:^2.0.2"
    is-string: "npm:^1.0.7"
    isarray: "npm:^2.0.5"
    stop-iteration-iterator: "npm:^1.0.0"
  checksum: ebd11effa79851ea75d7f079405f9d0dc185559fd65d986c6afea59a0ff2d46c2ed8675f19f03dce7429d7f6c14ff9aede8d121fbab78d75cfda6a263030bac0
  languageName: node
  linkType: hard

"escalade@npm:^3.1.1":
  version: 3.1.2
  resolution: "escalade@npm:3.1.2"
  checksum: 6b4adafecd0682f3aa1cd1106b8fff30e492c7015b178bc81b2d2f75106dabea6c6d6e8508fc491bd58e597c74abb0e8e2368f943ecb9393d4162e3c2f3cf287
  languageName: node
  linkType: hard

"for-each@npm:^0.3.3":
  version: 0.3.3
  resolution: "for-each@npm:0.3.3"
  dependencies:
    is-callable: "npm:^1.1.3"
  checksum: 22330d8a2db728dbf003ec9182c2d421fbcd2969b02b4f97ec288721cda63eb28f2c08585ddccd0f77cb2930af8d958005c9e72f47141dc51816127a118f39aa
  languageName: node
  linkType: hard

"function-bind@npm:^1.1.2":
  version: 1.1.2
  resolution: "function-bind@npm:1.1.2"
  checksum: d8680ee1e5fcd4c197e4ac33b2b4dce03c71f4d91717292785703db200f5c21f977c568d28061226f9b5900cbcd2c84463646134fd5337e7925e0942bc3f46d5
  languageName: node
  linkType: hard

"functions-have-names@npm:^1.2.3":
  version: 1.2.3
  resolution: "functions-have-names@npm:1.2.3"
  checksum: 33e77fd29bddc2d9bb78ab3eb854c165909201f88c75faa8272e35899e2d35a8a642a15e7420ef945e1f64a9670d6aa3ec744106b2aa42be68ca5114025954ca
  languageName: node
  linkType: hard

"geojson-flatten@npm:^1.1.1":
  version: 1.1.1
  resolution: "geojson-flatten@npm:1.1.1"
  checksum: 7d8eb78f34fad41894c140cb13e32941c56923a07812805e7d12c8dd56f58d64c5689fbf9646bbaa828b461cc1c0718b15816248066902ce7d49d501a5305edd
  languageName: node
  linkType: hard

"geojson-polygon-labels@workspace:.":
  version: 0.0.0-use.local
  resolution: "geojson-polygon-labels@workspace:."
  dependencies:
    "@turf/area": "npm:^7.0.0"
    "@turf/bbox": "npm:^7.0.0"
    "@turf/bbox-polygon": "npm:^7.0.0"
    "@turf/center": "npm:^7.0.0"
    "@turf/center-mean": "npm:^7.0.0"
    "@turf/center-median": "npm:^7.0.0"
    "@turf/center-of-mass": "npm:^7.0.0"
    "@turf/centroid": "npm:^7.0.0"
    "@turf/convex": "npm:^7.0.0"
    "@turf/explode": "npm:^7.0.0"
    "@turf/helpers": "npm:^7.0.0"
    "@turf/meta": "npm:^7.0.0"
    "@turf/point-on-feature": "npm:^7.0.0"
    geojson-flatten: "npm:^1.1.1"
    geojson-stream: "npm:^0.1.0"
    ndjson: "npm:^2.0.0"
    polylabel: "npm:^2.0.1"
    stream-combiner: "npm:^0.2.2"
    through: "npm:^2.3.8"
    yargs: "npm:^17.7.2"
  bin:
    geojson-polygon-labels: bin/geojson-polygon-labels
  languageName: unknown
  linkType: soft

"geojson-stream@npm:^0.1.0":
  version: 0.1.0
  resolution: "geojson-stream@npm:0.1.0"
  dependencies:
    JSONStream: "npm:^1.0.0"
    through: "npm:^2.3.4"
  checksum: f5367dc17c13e80e5ce48a06aaf1e34f3aaadb0d375e68c10ad82bd66d6edf127482607d36c9ce515b538ce0d8fb9bc3b414d537a783505828f713f7a41de5c3
  languageName: node
  linkType: hard

"get-caller-file@npm:^2.0.5":
  version: 2.0.5
  resolution: "get-caller-file@npm:2.0.5"
  checksum: c6c7b60271931fa752aeb92f2b47e355eac1af3a2673f47c9589e8f8a41adc74d45551c1bc57b5e66a80609f10ffb72b6f575e4370d61cc3f7f3aaff01757cde
  languageName: node
  linkType: hard

"get-intrinsic@npm:^1.1.3, get-intrinsic@npm:^1.2.1, get-intrinsic@npm:^1.2.2, get-intrinsic@npm:^1.2.4":
  version: 1.2.4
  resolution: "get-intrinsic@npm:1.2.4"
  dependencies:
    es-errors: "npm:^1.3.0"
    function-bind: "npm:^1.1.2"
    has-proto: "npm:^1.0.1"
    has-symbols: "npm:^1.0.3"
    hasown: "npm:^2.0.0"
  checksum: 0a9b82c16696ed6da5e39b1267104475c47e3a9bdbe8b509dfe1710946e38a87be70d759f4bb3cda042d76a41ef47fe769660f3b7c0d1f68750299344ffb15b7
  languageName: node
  linkType: hard

"gopd@npm:^1.0.1":
  version: 1.0.1
  resolution: "gopd@npm:1.0.1"
  dependencies:
    get-intrinsic: "npm:^1.1.3"
  checksum: 505c05487f7944c552cee72087bf1567debb470d4355b1335f2c262d218ebbff805cd3715448fe29b4b380bae6912561d0467233e4165830efd28da241418c63
  languageName: node
  linkType: hard

"has-bigints@npm:^1.0.1":
  version: 1.0.2
  resolution: "has-bigints@npm:1.0.2"
  checksum: 724eb1485bfa3cdff6f18d95130aa190561f00b3fcf9f19dc640baf8176b5917c143b81ec2123f8cddb6c05164a198c94b13e1377c497705ccc8e1a80306e83b
  languageName: node
  linkType: hard

"has-property-descriptors@npm:^1.0.0, has-property-descriptors@npm:^1.0.2":
  version: 1.0.2
  resolution: "has-property-descriptors@npm:1.0.2"
  dependencies:
    es-define-property: "npm:^1.0.0"
  checksum: 253c1f59e80bb476cf0dde8ff5284505d90c3bdb762983c3514d36414290475fe3fd6f574929d84de2a8eec00d35cf07cb6776205ff32efd7c50719125f00236
  languageName: node
  linkType: hard

"has-proto@npm:^1.0.1":
  version: 1.0.3
  resolution: "has-proto@npm:1.0.3"
  checksum: 35a6989f81e9f8022c2f4027f8b48a552de714938765d019dbea6bb547bd49ce5010a3c7c32ec6ddac6e48fc546166a3583b128f5a7add8b058a6d8b4afec205
  languageName: node
  linkType: hard

"has-symbols@npm:^1.0.2, has-symbols@npm:^1.0.3":
  version: 1.0.3
  resolution: "has-symbols@npm:1.0.3"
  checksum: e6922b4345a3f37069cdfe8600febbca791c94988c01af3394d86ca3360b4b93928bbf395859158f88099cb10b19d98e3bbab7c9ff2c1bd09cf665ee90afa2c3
  languageName: node
  linkType: hard

"has-tostringtag@npm:^1.0.0, has-tostringtag@npm:^1.0.2":
  version: 1.0.2
  resolution: "has-tostringtag@npm:1.0.2"
  dependencies:
    has-symbols: "npm:^1.0.3"
  checksum: a8b166462192bafe3d9b6e420a1d581d93dd867adb61be223a17a8d6dad147aa77a8be32c961bb2f27b3ef893cae8d36f564ab651f5e9b7938ae86f74027c48c
  languageName: node
  linkType: hard

"hasown@npm:^2.0.0":
  version: 2.0.2
  resolution: "hasown@npm:2.0.2"
  dependencies:
    function-bind: "npm:^1.1.2"
  checksum: 3769d434703b8ac66b209a4cca0737519925bbdb61dd887f93a16372b14694c63ff4e797686d87c90f08168e81082248b9b028bad60d4da9e0d1148766f56eb9
  languageName: node
  linkType: hard

"inherits@npm:^2.0.3":
  version: 2.0.3
  resolution: "inherits@npm:2.0.3"
  checksum: 6e56402373149ea076a434072671f9982f5fad030c7662be0332122fe6c0fa490acb3cc1010d90b6eff8d640b1167d77674add52dfd1bb85d545cf29e80e73e7
  languageName: node
  linkType: hard

"internal-slot@npm:^1.0.4":
  version: 1.0.7
  resolution: "internal-slot@npm:1.0.7"
  dependencies:
    es-errors: "npm:^1.3.0"
    hasown: "npm:^2.0.0"
    side-channel: "npm:^1.0.4"
  checksum: f8b294a4e6ea3855fc59551bbf35f2b832cf01fd5e6e2a97f5c201a071cc09b49048f856e484b67a6c721da5e55736c5b6ddafaf19e2dbeb4a3ff1821680de6c
  languageName: node
  linkType: hard

"is-arguments@npm:^1.1.1":
  version: 1.1.1
  resolution: "is-arguments@npm:1.1.1"
  dependencies:
    call-bind: "npm:^1.0.2"
    has-tostringtag: "npm:^1.0.0"
  checksum: 5ff1f341ee4475350adfc14b2328b38962564b7c2076be2f5bac7bd9b61779efba99b9f844a7b82ba7654adccf8e8eb19d1bb0cc6d1c1a085e498f6793d4328f
  languageName: node
  linkType: hard

"is-array-buffer@npm:^3.0.2, is-array-buffer@npm:^3.0.4":
  version: 3.0.4
  resolution: "is-array-buffer@npm:3.0.4"
  dependencies:
    call-bind: "npm:^1.0.2"
    get-intrinsic: "npm:^1.2.1"
  checksum: 42a49d006cc6130bc5424eae113e948c146f31f9d24460fc0958f855d9d810e6fd2e4519bf19aab75179af9c298ea6092459d8cafdec523cd19e529b26eab860
  languageName: node
  linkType: hard

"is-bigint@npm:^1.0.1":
  version: 1.0.4
  resolution: "is-bigint@npm:1.0.4"
  dependencies:
    has-bigints: "npm:^1.0.1"
  checksum: eb9c88e418a0d195ca545aff2b715c9903d9b0a5033bc5922fec600eb0c3d7b1ee7f882dbf2e0d5a6e694e42391be3683e4368737bd3c4a77f8ac293e7773696
  languageName: node
  linkType: hard

"is-boolean-object@npm:^1.1.0":
  version: 1.1.2
  resolution: "is-boolean-object@npm:1.1.2"
  dependencies:
    call-bind: "npm:^1.0.2"
    has-tostringtag: "npm:^1.0.0"
  checksum: 6090587f8a8a8534c0f816da868bc94f32810f08807aa72fa7e79f7e11c466d281486ffe7a788178809c2aa71fe3e700b167fe80dd96dad68026bfff8ebf39f7
  languageName: node
  linkType: hard

"is-callable@npm:^1.1.3":
  version: 1.2.7
  resolution: "is-callable@npm:1.2.7"
  checksum: ceebaeb9d92e8adee604076971dd6000d38d6afc40bb843ea8e45c5579b57671c3f3b50d7f04869618242c6cee08d1b67806a8cb8edaaaf7c0748b3720d6066f
  languageName: node
  linkType: hard

"is-date-object@npm:^1.0.5":
  version: 1.0.5
  resolution: "is-date-object@npm:1.0.5"
  dependencies:
    has-tostringtag: "npm:^1.0.0"
  checksum: eed21e5dcc619c48ccef804dfc83a739dbb2abee6ca202838ee1bd5f760fe8d8a93444f0d49012ad19bb7c006186e2884a1b92f6e1c056da7fd23d0a9ad5992e
  languageName: node
  linkType: hard

"is-fullwidth-code-point@npm:^3.0.0":
  version: 3.0.0
  resolution: "is-fullwidth-code-point@npm:3.0.0"
  checksum: bb11d825e049f38e04c06373a8d72782eee0205bda9d908cc550ccb3c59b99d750ff9537982e01733c1c94a58e35400661f57042158ff5e8f3e90cf936daf0fc
  languageName: node
  linkType: hard

"is-map@npm:^2.0.2, is-map@npm:^2.0.3":
  version: 2.0.3
  resolution: "is-map@npm:2.0.3"
  checksum: 2c4d431b74e00fdda7162cd8e4b763d6f6f217edf97d4f8538b94b8702b150610e2c64961340015fe8df5b1fcee33ccd2e9b62619c4a8a3a155f8de6d6d355fc
  languageName: node
  linkType: hard

"is-number-object@npm:^1.0.4":
  version: 1.0.7
  resolution: "is-number-object@npm:1.0.7"
  dependencies:
    has-tostringtag: "npm:^1.0.0"
  checksum: aad266da1e530f1804a2b7bd2e874b4869f71c98590b3964f9d06cc9869b18f8d1f4778f838ecd2a11011bce20aeecb53cb269ba916209b79c24580416b74b1b
  languageName: node
  linkType: hard

"is-regex@npm:^1.1.4":
  version: 1.1.4
  resolution: "is-regex@npm:1.1.4"
  dependencies:
    call-bind: "npm:^1.0.2"
    has-tostringtag: "npm:^1.0.0"
  checksum: bb72aae604a69eafd4a82a93002058c416ace8cde95873589a97fc5dac96a6c6c78a9977d487b7b95426a8f5073969124dd228f043f9f604f041f32fcc465fc1
  languageName: node
  linkType: hard

"is-set@npm:^2.0.2, is-set@npm:^2.0.3":
  version: 2.0.3
  resolution: "is-set@npm:2.0.3"
  checksum: f73732e13f099b2dc879c2a12341cfc22ccaca8dd504e6edae26484bd5707a35d503fba5b4daad530a9b088ced1ae6c9d8200fd92e09b428fe14ea79ce8080b7
  languageName: node
  linkType: hard

"is-shared-array-buffer@npm:^1.0.2":
  version: 1.0.3
  resolution: "is-shared-array-buffer@npm:1.0.3"
  dependencies:
    call-bind: "npm:^1.0.7"
  checksum: adc11ab0acbc934a7b9e5e9d6c588d4ec6682f6fea8cda5180721704fa32927582ede5b123349e32517fdadd07958973d24716c80e7ab198970c47acc09e59c7
  languageName: node
  linkType: hard

"is-string@npm:^1.0.5, is-string@npm:^1.0.7":
  version: 1.0.7
  resolution: "is-string@npm:1.0.7"
  dependencies:
    has-tostringtag: "npm:^1.0.0"
  checksum: 905f805cbc6eedfa678aaa103ab7f626aac9ebbdc8737abb5243acaa61d9820f8edc5819106b8fcd1839e33db21de9f0116ae20de380c8382d16dc2a601921f6
  languageName: node
  linkType: hard

"is-symbol@npm:^1.0.3":
  version: 1.0.4
  resolution: "is-symbol@npm:1.0.4"
  dependencies:
    has-symbols: "npm:^1.0.2"
  checksum: 9381dd015f7c8906154dbcbf93fad769de16b4b961edc94f88d26eb8c555935caa23af88bda0c93a18e65560f6d7cca0fd5a3f8a8e1df6f1abbb9bead4502ef7
  languageName: node
  linkType: hard

"is-weakmap@npm:^2.0.2":
  version: 2.0.2
  resolution: "is-weakmap@npm:2.0.2"
  checksum: 443c35bb86d5e6cc5929cd9c75a4024bb0fff9586ed50b092f94e700b89c43a33b186b76dbc6d54f3d3d09ece689ab38dcdc1af6a482cbe79c0f2da0a17f1299
  languageName: node
  linkType: hard

"is-weakset@npm:^2.0.3":
  version: 2.0.3
  resolution: "is-weakset@npm:2.0.3"
  dependencies:
    call-bind: "npm:^1.0.7"
    get-intrinsic: "npm:^1.2.4"
  checksum: 8ad6141b6a400e7ce7c7442a13928c676d07b1f315ab77d9912920bf5f4170622f43126f111615788f26c3b1871158a6797c862233124507db0bcc33a9537d1a
  languageName: node
  linkType: hard

"isarray@npm:^2.0.5":
  version: 2.0.5
  resolution: "isarray@npm:2.0.5"
  checksum: 4199f14a7a13da2177c66c31080008b7124331956f47bca57dd0b6ea9f11687aa25e565a2c7a2b519bc86988d10398e3049a1f5df13c9f6b7664154690ae79fd
  languageName: node
  linkType: hard

"json-stringify-safe@npm:^5.0.1":
  version: 5.0.1
  resolution: "json-stringify-safe@npm:5.0.1"
  checksum: 7dbf35cd0411d1d648dceb6d59ce5857ec939e52e4afc37601aa3da611f0987d5cee5b38d58329ceddf3ed48bd7215229c8d52059ab01f2444a338bf24ed0f37
  languageName: node
  linkType: hard

"jsonparse@npm:^1.2.0":
  version: 1.3.1
  resolution: "jsonparse@npm:1.3.1"
  checksum: 89bc68080cd0a0e276d4b5ab1b79cacd68f562467008d176dc23e16e97d4efec9e21741d92ba5087a8433526a45a7e6a9d5ef25408696c402ca1cfbc01a90bf0
  languageName: node
  linkType: hard

"minimist@npm:^1.2.5":
  version: 1.2.8
  resolution: "minimist@npm:1.2.8"
  checksum: 19d3fcdca050087b84c2029841a093691a91259a47def2f18222f41e7645a0b7c44ef4b40e88a1e58a40c84d2ef0ee6047c55594d298146d0eb3f6b737c20ce6
  languageName: node
  linkType: hard

"ndjson@npm:^2.0.0":
  version: 2.0.0
  resolution: "ndjson@npm:2.0.0"
  dependencies:
    json-stringify-safe: "npm:^5.0.1"
    minimist: "npm:^1.2.5"
    readable-stream: "npm:^3.6.0"
    split2: "npm:^3.0.0"
    through2: "npm:^4.0.0"
  bin:
    ndjson: cli.js
  checksum: b7f3de5e12e0466cfa3688a3ba6cedec0ab54bd821f1b16926c9ef7017983b131832430061d25dfcb635f65a254b535681eca213c6feb5d1958bee8d35a04cc9
  languageName: node
  linkType: hard

"object-inspect@npm:^1.13.1":
  version: 1.13.2
  resolution: "object-inspect@npm:1.13.2"
  checksum: b97835b4c91ec37b5fd71add84f21c3f1047d1d155d00c0fcd6699516c256d4fcc6ff17a1aced873197fe447f91a3964178fd2a67a1ee2120cdaf60e81a050b4
  languageName: node
  linkType: hard

"object-is@npm:^1.1.5":
  version: 1.1.6
  resolution: "object-is@npm:1.1.6"
  dependencies:
    call-bind: "npm:^1.0.7"
    define-properties: "npm:^1.2.1"
  checksum: 506af444c4dce7f8e31f34fc549e2fb8152d6b9c4a30c6e62852badd7f520b579c679af433e7a072f9d78eb7808d230dc12e1cf58da9154dfbf8813099ea0fe0
  languageName: node
  linkType: hard

"object-keys@npm:^1.1.1":
  version: 1.1.1
  resolution: "object-keys@npm:1.1.1"
  checksum: b11f7ccdbc6d406d1f186cdadb9d54738e347b2692a14439ca5ac70c225fa6db46db809711b78589866d47b25fc3e8dee0b4c722ac751e11180f9380e3d8601d
  languageName: node
  linkType: hard

"object.assign@npm:^4.1.4":
  version: 4.1.5
  resolution: "object.assign@npm:4.1.5"
  dependencies:
    call-bind: "npm:^1.0.5"
    define-properties: "npm:^1.2.1"
    has-symbols: "npm:^1.0.3"
    object-keys: "npm:^1.1.1"
  checksum: 60108e1fa2706f22554a4648299b0955236c62b3685c52abf4988d14fffb0e7731e00aa8c6448397e3eb63d087dcc124a9f21e1980f36d0b2667f3c18bacd469
  languageName: node
  linkType: hard

"point-in-polygon-hao@npm:^1.1.0":
  version: 1.1.0
  resolution: "point-in-polygon-hao@npm:1.1.0"
  checksum: 2f992143b7b7ba095e43e98d6df6c5ad2d381f03fe6ac54e0f84aa0032fccf3996906ba06b8541014c6d59ee4ecef934c9356b9e34b3dc450e6ee0f13fe1f39e
  languageName: node
  linkType: hard

"point-in-polygon@npm:^1.1.0":
  version: 1.1.0
  resolution: "point-in-polygon@npm:1.1.0"
  checksum: de00419585ee25555d97585b7a23eeb2464a87ef29404264bee55654ca2ecab5a5a99d33e689c07d045faf80091e838f44a1fd130bdd6134493df53114947343
  languageName: node
  linkType: hard

"polylabel@npm:^2.0.1":
  version: 2.0.1
  resolution: "polylabel@npm:2.0.1"
  dependencies:
    tinyqueue: "npm:^3.0.0"
  checksum: 410ed4fe3512999258f3055da2f17d83f57cfea1440802b19a9ac9860f7ba350a40b21e3020bbfc2b5409ca67d3883ed88bdc0d97ba6d1b3a3f232fd4ffa46f2
  languageName: node
  linkType: hard

"possible-typed-array-names@npm:^1.0.0":
  version: 1.0.0
  resolution: "possible-typed-array-names@npm:1.0.0"
  checksum: d9aa22d31f4f7680e20269db76791b41c3a32c01a373e25f8a4813b4d45f7456bfc2b6d68f752dc4aab0e0bb0721cb3d76fb678c9101cb7a16316664bc2c73fd
  languageName: node
  linkType: hard

"quickselect@npm:^2.0.0":
  version: 2.0.0
  resolution: "quickselect@npm:2.0.0"
  checksum: 6c8d591bc73beae4c1996b7b7138233a7dbbbdde29b7b6d822a02d08cd220fd27613f47d6e9635989b12e250d42ef9da3448de1ed12ad962974e207ab3c3562c
  languageName: node
  linkType: hard

"rbush@npm:^3.0.1":
  version: 3.0.1
  resolution: "rbush@npm:3.0.1"
  dependencies:
    quickselect: "npm:^2.0.0"
  checksum: 55311586c30cdedaa2220de6f1da45fe1fa806263afbf7b6f4c0078983830c2abc7771187896d68bfc9078cb279079fb4c84971831da4b74384aab2c2c417758
  languageName: node
  linkType: hard

"readable-stream@npm:3, readable-stream@npm:^3.0.0, readable-stream@npm:^3.6.0":
  version: 3.6.2
  resolution: "readable-stream@npm:3.6.2"
  dependencies:
    inherits: "npm:^2.0.3"
    string_decoder: "npm:^1.1.1"
    util-deprecate: "npm:^1.0.1"
  checksum: e37be5c79c376fdd088a45fa31ea2e423e5d48854be7a22a58869b4e84d25047b193f6acb54f1012331e1bcd667ffb569c01b99d36b0bd59658fb33f513511b7
  languageName: node
  linkType: hard

"regexp.prototype.flags@npm:^1.5.1":
  version: 1.5.2
  resolution: "regexp.prototype.flags@npm:1.5.2"
  dependencies:
    call-bind: "npm:^1.0.6"
    define-properties: "npm:^1.2.1"
    es-errors: "npm:^1.3.0"
    set-function-name: "npm:^2.0.1"
  checksum: 0f3fc4f580d9c349f8b560b012725eb9c002f36daa0041b3fbf6f4238cb05932191a4d7d5db3b5e2caa336d5150ad0402ed2be81f711f9308fe7e1a9bf9bd552
  languageName: node
  linkType: hard

"require-directory@npm:^2.1.1":
  version: 2.1.1
  resolution: "require-directory@npm:2.1.1"
  checksum: 83aa76a7bc1531f68d92c75a2ca2f54f1b01463cb566cf3fbc787d0de8be30c9dbc211d1d46be3497dac5785fe296f2dd11d531945ac29730643357978966e99
  languageName: node
  linkType: hard

"robust-predicates@npm:^2.0.4":
  version: 2.0.4
  resolution: "robust-predicates@npm:2.0.4"
  checksum: 3c801ff1ea5ce842c1818da62e2be0cc427ab507dc7a21f3ff2e6278f1d32b5c2f2fc740f8e9c188b4e7a2946228c0173607534432314940e89eae15ded79b5f
  languageName: node
  linkType: hard

"safe-buffer@npm:~5.2.0":
  version: 5.2.1
  resolution: "safe-buffer@npm:5.2.1"
  checksum: 6501914237c0a86e9675d4e51d89ca3c21ffd6a31642efeba25ad65720bce6921c9e7e974e5be91a786b25aa058b5303285d3c15dbabf983a919f5f630d349f3
  languageName: node
  linkType: hard

"set-function-length@npm:^1.2.1":
  version: 1.2.2
  resolution: "set-function-length@npm:1.2.2"
  dependencies:
    define-data-property: "npm:^1.1.4"
    es-errors: "npm:^1.3.0"
    function-bind: "npm:^1.1.2"
    get-intrinsic: "npm:^1.2.4"
    gopd: "npm:^1.0.1"
    has-property-descriptors: "npm:^1.0.2"
  checksum: 82850e62f412a258b71e123d4ed3873fa9377c216809551192bb6769329340176f109c2eeae8c22a8d386c76739855f78e8716515c818bcaef384b51110f0f3c
  languageName: node
  linkType: hard

"set-function-name@npm:^2.0.1":
  version: 2.0.2
  resolution: "set-function-name@npm:2.0.2"
  dependencies:
    define-data-property: "npm:^1.1.4"
    es-errors: "npm:^1.3.0"
    functions-have-names: "npm:^1.2.3"
    has-property-descriptors: "npm:^1.0.2"
  checksum: fce59f90696c450a8523e754abb305e2b8c73586452619c2bad5f7bf38c7b6b4651895c9db895679c5bef9554339cf3ef1c329b66ece3eda7255785fbe299316
  languageName: node
  linkType: hard

"side-channel@npm:^1.0.4":
  version: 1.0.6
  resolution: "side-channel@npm:1.0.6"
  dependencies:
    call-bind: "npm:^1.0.7"
    es-errors: "npm:^1.3.0"
    get-intrinsic: "npm:^1.2.4"
    object-inspect: "npm:^1.13.1"
  checksum: d2afd163dc733cc0a39aa6f7e39bf0c436293510dbccbff446733daeaf295857dbccf94297092ec8c53e2503acac30f0b78830876f0485991d62a90e9cad305f
  languageName: node
  linkType: hard

"split2@npm:^3.0.0":
  version: 3.2.2
  resolution: "split2@npm:3.2.2"
  dependencies:
    readable-stream: "npm:^3.0.0"
  checksum: 2dad5603c52b353939befa3e2f108f6e3aff42b204ad0f5f16dd12fd7c2beab48d117184ce6f7c8854f9ee5ffec6faae70d243711dd7d143a9f635b4a285de4e
  languageName: node
  linkType: hard

"stop-iteration-iterator@npm:^1.0.0":
  version: 1.0.0
  resolution: "stop-iteration-iterator@npm:1.0.0"
  dependencies:
    internal-slot: "npm:^1.0.4"
  checksum: c4158d6188aac510d9e92925b58709207bd94699e9c31186a040c80932a687f84a51356b5895e6dc72710aad83addb9411c22171832c9ae0e6e11b7d61b0dfb9
  languageName: node
  linkType: hard

"stream-combiner@npm:^0.2.2":
  version: 0.2.2
  resolution: "stream-combiner@npm:0.2.2"
  dependencies:
    duplexer: "npm:~0.1.1"
    through: "npm:~2.3.4"
  checksum: b5d2782fbfa9251c88e01af1b1f54bc183673a776989dce2842b345be7fc3ce7eb2eade363b3c198ba0e5153a20a96e0014d0d0e884153f885d7ee919f22b639
  languageName: node
  linkType: hard

"string-width@npm:^4.1.0, string-width@npm:^4.2.0, string-width@npm:^4.2.3":
  version: 4.2.3
  resolution: "string-width@npm:4.2.3"
  dependencies:
    emoji-regex: "npm:^8.0.0"
    is-fullwidth-code-point: "npm:^3.0.0"
    strip-ansi: "npm:^6.0.1"
  checksum: 1e525e92e5eae0afd7454086eed9c818ee84374bb80328fc41217ae72ff5f065ef1c9d7f72da41de40c75fa8bb3dee63d92373fd492c84260a552c636392a47b
  languageName: node
  linkType: hard

"string_decoder@npm:^1.1.1":
  version: 1.3.0
  resolution: "string_decoder@npm:1.3.0"
  dependencies:
    safe-buffer: "npm:~5.2.0"
  checksum: 810614ddb030e271cd591935dcd5956b2410dd079d64ff92a1844d6b7588bf992b3e1b69b0f4d34a3e06e0bd73046ac646b5264c1987b20d0601f81ef35d731d
  languageName: node
  linkType: hard

"strip-ansi@npm:^6.0.0, strip-ansi@npm:^6.0.1":
  version: 6.0.1
  resolution: "strip-ansi@npm:6.0.1"
  dependencies:
    ansi-regex: "npm:^5.0.1"
  checksum: 1ae5f212a126fe5b167707f716942490e3933085a5ff6c008ab97ab2f272c8025d3aa218b7bd6ab25729ca20cc81cddb252102f8751e13482a5199e873680952
  languageName: node
  linkType: hard

"through2@npm:^4.0.0":
  version: 4.0.2
  resolution: "through2@npm:4.0.2"
  dependencies:
    readable-stream: "npm:3"
  checksum: 3741564ae99990a4a79097fe7a4152c22348adc4faf2df9199a07a66c81ed2011da39f631e479fdc56483996a9d34a037ad64e76d79f18c782ab178ea9b6778c
  languageName: node
  linkType: hard

"through@npm:>=2.2.7 <3, through@npm:^2.3.4, through@npm:^2.3.8, through@npm:~2.3.4":
  version: 2.3.8
  resolution: "through@npm:2.3.8"
  checksum: 4b09f3774099de0d4df26d95c5821a62faee32c7e96fb1f4ebd54a2d7c11c57fe88b0a0d49cf375de5fee5ae6bf4eb56dbbf29d07366864e2ee805349970d3cc
  languageName: node
  linkType: hard

"tinyqueue@npm:^2.0.3":
  version: 2.0.3
  resolution: "tinyqueue@npm:2.0.3"
  checksum: d7b590088f015a94a17132fa209c2f2a80c45158259af5474901fdf5932e95ea13ff6f034bcc725a6d5f66d3e5b888b048c310229beb25ad5bebb4f0a635abf2
  languageName: node
  linkType: hard

"tinyqueue@npm:^3.0.0":
  version: 3.0.0
  resolution: "tinyqueue@npm:3.0.0"
  checksum: edd6f1a6146aa3aa7bc85b44b3aacf44cddfa805b0901019272d7e9235894b4f28b2f9d09c1bce500ae48883b03708b6b871aa33920e895d2943720f7a9ad3ba
  languageName: node
  linkType: hard

"tslib@npm:^2.6.2":
  version: 2.6.3
  resolution: "tslib@npm:2.6.3"
  checksum: 2598aef53d9dbe711af75522464b2104724d6467b26a60f2bdac8297d2b5f1f6b86a71f61717384aa8fd897240467aaa7bcc36a0700a0faf751293d1331db39a
  languageName: node
  linkType: hard

"util-deprecate@npm:^1.0.1":
  version: 1.0.2
  resolution: "util-deprecate@npm:1.0.2"
  checksum: 41a5bdd214df2f6c3ecf8622745e4a366c4adced864bc3c833739791aeeeb1838119af7daed4ba36428114b5c67dcda034a79c882e97e43c03e66a4dd7389942
  languageName: node
  linkType: hard

"which-boxed-primitive@npm:^1.0.2":
  version: 1.0.2
  resolution: "which-boxed-primitive@npm:1.0.2"
  dependencies:
    is-bigint: "npm:^1.0.1"
    is-boolean-object: "npm:^1.1.0"
    is-number-object: "npm:^1.0.4"
    is-string: "npm:^1.0.5"
    is-symbol: "npm:^1.0.3"
  checksum: 0a62a03c00c91dd4fb1035b2f0733c341d805753b027eebd3a304b9cb70e8ce33e25317add2fe9b5fea6f53a175c0633ae701ff812e604410ddd049777cd435e
  languageName: node
  linkType: hard

"which-collection@npm:^1.0.1":
  version: 1.0.2
  resolution: "which-collection@npm:1.0.2"
  dependencies:
    is-map: "npm:^2.0.3"
    is-set: "npm:^2.0.3"
    is-weakmap: "npm:^2.0.2"
    is-weakset: "npm:^2.0.3"
  checksum: 3345fde20964525a04cdf7c4a96821f85f0cc198f1b2ecb4576e08096746d129eb133571998fe121c77782ac8f21cbd67745a3d35ce100d26d4e684c142ea1f2
  languageName: node
  linkType: hard

"which-typed-array@npm:^1.1.13":
  version: 1.1.15
  resolution: "which-typed-array@npm:1.1.15"
  dependencies:
    available-typed-arrays: "npm:^1.0.7"
    call-bind: "npm:^1.0.7"
    for-each: "npm:^0.3.3"
    gopd: "npm:^1.0.1"
    has-tostringtag: "npm:^1.0.2"
  checksum: 4465d5348c044032032251be54d8988270e69c6b7154f8fcb2a47ff706fe36f7624b3a24246b8d9089435a8f4ec48c1c1025c5d6b499456b9e5eff4f48212983
  languageName: node
  linkType: hard

"wrap-ansi@npm:^7.0.0":
  version: 7.0.0
  resolution: "wrap-ansi@npm:7.0.0"
  dependencies:
    ansi-styles: "npm:^4.0.0"
    string-width: "npm:^4.1.0"
    strip-ansi: "npm:^6.0.0"
  checksum: d15fc12c11e4cbc4044a552129ebc75ee3f57aa9c1958373a4db0292d72282f54373b536103987a4a7594db1ef6a4f10acf92978f79b98c49306a4b58c77d4da
  languageName: node
  linkType: hard

"y18n@npm:^5.0.5":
  version: 5.0.8
  resolution: "y18n@npm:5.0.8"
  checksum: 4df2842c36e468590c3691c894bc9cdbac41f520566e76e24f59401ba7d8b4811eb1e34524d57e54bc6d864bcb66baab7ffd9ca42bf1eda596618f9162b91249
  languageName: node
  linkType: hard

"yargs-parser@npm:^21.1.1":
  version: 21.1.1
  resolution: "yargs-parser@npm:21.1.1"
  checksum: f84b5e48169479d2f402239c59f084cfd1c3acc197a05c59b98bab067452e6b3ea46d4dd8ba2985ba7b3d32a343d77df0debd6b343e5dae3da2aab2cdf5886b2
  languageName: node
  linkType: hard

"yargs@npm:^17.7.2":
  version: 17.7.2
  resolution: "yargs@npm:17.7.2"
  dependencies:
    cliui: "npm:^8.0.1"
    escalade: "npm:^3.1.1"
    get-caller-file: "npm:^2.0.5"
    require-directory: "npm:^2.1.1"
    string-width: "npm:^4.2.3"
    y18n: "npm:^5.0.5"
    yargs-parser: "npm:^21.1.1"
  checksum: ccd7e723e61ad5965fffbb791366db689572b80cca80e0f96aad968dfff4156cd7cd1ad18607afe1046d8241e6fb2d6c08bf7fa7bfb5eaec818735d8feac8f05
  languageName: node
  linkType: hard
